// !$*UTF8*$!
{
	archiveVersion = 1;
	classes = {
	};
	objectVersion = 55;
	objects = {

/* Begin PBXBuildFile section */
		8F74ADA029B126C900B87965 /* AppDelegate.swift in Sources */ = {isa = PBXBuildFile; fileRef = 8F74AD9F29B126C900B87965 /* AppDelegate.swift */; };
		8F74ADA229B126C900B87965 /* SceneDelegate.swift in Sources */ = {isa = PBXBuildFile; fileRef = 8F74ADA129B126C900B87965 /* SceneDelegate.swift */; };
		8F74ADA929B126CF00B87965 /* Assets.xcassets in Resources */ = {isa = PBXBuildFile; fileRef = 8F74ADA829B126CF00B87965 /* Assets.xcassets */; };
		8F74ADAC29B126CF00B87965 /* LaunchScreen.storyboard in Resources */ = {isa = PBXBuildFile; fileRef = 8F74ADAA29B126CF00B87965 /* LaunchScreen.storyboard */; };
		8F74ADB729B128AD00B87965 /* FeedViewController.swift in Sources */ = {isa = PBXBuildFile; fileRef = 8F74ADB629B128AD00B87965 /* FeedViewController.swift */; };
		8F74ADBA29B1293D00B87965 /* SnapKit in Frameworks */ = {isa = PBXBuildFile; productRef = 8F74ADB929B1293D00B87965 /* SnapKit */; };
		8F74ADBD29B1331800B87965 /* LogoView.swift in Sources */ = {isa = PBXBuildFile; fileRef = 8F74ADBC29B1331800B87965 /* LogoView.swift */; };
		8F74ADBF29B1404E00B87965 /* FeedItemType.swift in Sources */ = {isa = PBXBuildFile; fileRef = 8F74ADBE29B1404E00B87965 /* FeedItemType.swift */; };
		8F74ADC129B140AC00B87965 /* FeedStoriesItemCellInfo.swift in Sources */ = {isa = PBXBuildFile; fileRef = 8F74ADC029B140AC00B87965 /* FeedStoriesItemCellInfo.swift */; };
		8F74ADC329B142A200B87965 /* FeedPostItemInfo.swift in Sources */ = {isa = PBXBuildFile; fileRef = 8F74ADC229B142A200B87965 /* FeedPostItemInfo.swift */; };
		8F74ADC629B15A5100B87965 /* FeedStoriesSetCell.swift in Sources */ = {isa = PBXBuildFile; fileRef = 8F74ADC529B15A5100B87965 /* FeedStoriesSetCell.swift */; };
		8F74ADC829B15AD700B87965 /* FeedPostCell.swift in Sources */ = {isa = PBXBuildFile; fileRef = 8F74ADC729B15AD700B87965 /* FeedPostCell.swift */; };
		8F74ADCA29B1621600B87965 /* FeedStoriesItemCell.swift in Sources */ = {isa = PBXBuildFile; fileRef = 8F74ADC929B1621600B87965 /* FeedStoriesItemCell.swift */; };
/* End PBXBuildFile section */

/* Begin PBXFileReference section */
		8F74AD9C29B126C900B87965 /* Instagram.app */ = {isa = PBXFileReference; explicitFileType = wrapper.application; includeInIndex = 0; path = Instagram.app; sourceTree = BUILT_PRODUCTS_DIR; };
		8F74AD9F29B126C900B87965 /* AppDelegate.swift */ = {isa = PBXFileReference; lastKnownFileType = sourcecode.swift; path = AppDelegate.swift; sourceTree = "<group>"; };
		8F74ADA129B126C900B87965 /* SceneDelegate.swift */ = {isa = PBXFileReference; lastKnownFileType = sourcecode.swift; path = SceneDelegate.swift; sourceTree = "<group>"; };
		8F74ADA829B126CF00B87965 /* Assets.xcassets */ = {isa = PBXFileReference; lastKnownFileType = folder.assetcatalog; path = Assets.xcassets; sourceTree = "<group>"; };
		8F74ADAB29B126CF00B87965 /* Base */ = {isa = PBXFileReference; lastKnownFileType = file.storyboard; name = Base; path = Base.lproj/LaunchScreen.storyboard; sourceTree = "<group>"; };
		8F74ADAD29B126CF00B87965 /* Info.plist */ = {isa = PBXFileReference; lastKnownFileType = text.plist.xml; path = Info.plist; sourceTree = "<group>"; };
		8F74ADB629B128AD00B87965 /* FeedViewController.swift */ = {isa = PBXFileReference; lastKnownFileType = sourcecode.swift; path = FeedViewController.swift; sourceTree = "<group>"; };
		8F74ADBC29B1331800B87965 /* LogoView.swift */ = {isa = PBXFileReference; lastKnownFileType = sourcecode.swift; path = LogoView.swift; sourceTree = "<group>"; };
		8F74ADBE29B1404E00B87965 /* FeedItemType.swift */ = {isa = PBXFileReference; lastKnownFileType = sourcecode.swift; path = FeedItemType.swift; sourceTree = "<group>"; };
		8F74ADC029B140AC00B87965 /* FeedStoriesItemCellInfo.swift */ = {isa = PBXFileReference; lastKnownFileType = sourcecode.swift; path = FeedStoriesItemCellInfo.swift; sourceTree = "<group>"; };
		8F74ADC229B142A200B87965 /* FeedPostItemInfo.swift */ = {isa = PBXFileReference; lastKnownFileType = sourcecode.swift; path = FeedPostItemInfo.swift; sourceTree = "<group>"; };
		8F74ADC529B15A5100B87965 /* FeedStoriesSetCell.swift */ = {isa = PBXFileReference; lastKnownFileType = sourcecode.swift; path = FeedStoriesSetCell.swift; sourceTree = "<group>"; };
		8F74ADC729B15AD700B87965 /* FeedPostCell.swift */ = {isa = PBXFileReference; lastKnownFileType = sourcecode.swift; path = FeedPostCell.swift; sourceTree = "<group>"; };
		8F74ADC929B1621600B87965 /* FeedStoriesItemCell.swift */ = {isa = PBXFileReference; lastKnownFileType = sourcecode.swift; path = FeedStoriesItemCell.swift; sourceTree = "<group>"; };
/* End PBXFileReference section */

/* Begin PBXFrameworksBuildPhase section */
		8F74AD9929B126C900B87965 /* Frameworks */ = {
			isa = PBXFrameworksBuildPhase;
			buildActionMask = 2147483647;
			files = (
				8F74ADBA29B1293D00B87965 /* SnapKit in Frameworks */,
			);
			runOnlyForDeploymentPostprocessing = 0;
		};
/* End PBXFrameworksBuildPhase section */

/* Begin PBXGroup section */
		8F74AD9329B126C900B87965 = {
			isa = PBXGroup;
			children = (
				8F74AD9E29B126C900B87965 /* Instagram */,
				8F74AD9D29B126C900B87965 /* Products */,
			);
			sourceTree = "<group>";
		};
		8F74AD9D29B126C900B87965 /* Products */ = {
			isa = PBXGroup;
			children = (
				8F74AD9C29B126C900B87965 /* Instagram.app */,
			);
			name = Products;
			sourceTree = "<group>";
		};
		8F74AD9E29B126C900B87965 /* Instagram */ = {
			isa = PBXGroup;
			children = (
				8F74ADB329B1279700B87965 /* Application */,
				8F74ADB529B1288200B87965 /* Feed */,
				8F74ADBB29B132F700B87965 /* Views */,
				8F74ADB429B127B900B87965 /* Resources */,
			);
			path = Instagram;
			sourceTree = "<group>";
		};
		8F74ADB329B1279700B87965 /* Application */ = {
			isa = PBXGroup;
			children = (
				8F74AD9F29B126C900B87965 /* AppDelegate.swift */,
				8F74ADA129B126C900B87965 /* SceneDelegate.swift */,
			);
			path = Application;
			sourceTree = "<group>";
		};
		8F74ADB429B127B900B87965 /* Resources */ = {
			isa = PBXGroup;
			children = (
				8F74ADA829B126CF00B87965 /* Assets.xcassets */,
				8F74ADAA29B126CF00B87965 /* LaunchScreen.storyboard */,
				8F74ADAD29B126CF00B87965 /* Info.plist */,
			);
			path = Resources;
			sourceTree = "<group>";
		};
		8F74ADB529B1288200B87965 /* Feed */ = {
			isa = PBXGroup;
			children = (
				8F74ADB629B128AD00B87965 /* FeedViewController.swift */,
				8F74ADBE29B1404E00B87965 /* FeedItemType.swift */,
				8F74ADC029B140AC00B87965 /* FeedStoriesItemCellInfo.swift */,
				8F74ADC229B142A200B87965 /* FeedPostItemInfo.swift */,
			);
			path = Feed;
			sourceTree = "<group>";
		};
		8F74ADBB29B132F700B87965 /* Views */ = {
			isa = PBXGroup;
			children = (
				8F74ADC429B15A3300B87965 /* Cells */,
				8F74ADBC29B1331800B87965 /* LogoView.swift */,
			);
			path = Views;
			sourceTree = "<group>";
		};
		8F74ADC429B15A3300B87965 /* Cells */ = {
			isa = PBXGroup;
			children = (
				8F74ADC529B15A5100B87965 /* FeedStoriesSetCell.swift */,
				8F74ADC729B15AD700B87965 /* FeedPostCell.swift */,
				8F74ADC929B1621600B87965 /* FeedStoriesItemCell.swift */,
			);
			path = Cells;
			sourceTree = "<group>";
		};
/* End PBXGroup section */

/* Begin PBXNativeTarget section */
		8F74AD9B29B126C900B87965 /* Instagram */ = {
			isa = PBXNativeTarget;
			buildConfigurationList = 8F74ADB029B126CF00B87965 /* Build configuration list for PBXNativeTarget "Instagram" */;
			buildPhases = (
				8F74AD9829B126C900B87965 /* Sources */,
				8F74AD9929B126C900B87965 /* Frameworks */,
				8F74AD9A29B126C900B87965 /* Resources */,
			);
			buildRules = (
			);
			dependencies = (
			);
			name = Instagram;
			packageProductDependencies = (
				8F74ADB929B1293D00B87965 /* SnapKit */,
			);
			productName = Instagram;
			productReference = 8F74AD9C29B126C900B87965 /* Instagram.app */;
			productType = "com.apple.product-type.application";
		};
/* End PBXNativeTarget section */

/* Begin PBXProject section */
		8F74AD9429B126C900B87965 /* Project object */ = {
			isa = PBXProject;
			attributes = {
				BuildIndependentTargetsInParallel = 1;
				LastSwiftUpdateCheck = 1340;
				LastUpgradeCheck = 1340;
				TargetAttributes = {
					8F74AD9B29B126C900B87965 = {
						CreatedOnToolsVersion = 13.4.1;
					};
				};
			};
			buildConfigurationList = 8F74AD9729B126C900B87965 /* Build configuration list for PBXProject "Instagram" */;
			compatibilityVersion = "Xcode 13.0";
			developmentRegion = en;
			hasScannedForEncodings = 0;
			knownRegions = (
				en,
				Base,
			);
			mainGroup = 8F74AD9329B126C900B87965;
			packageReferences = (
				8F74ADB829B1293D00B87965 /* XCRemoteSwiftPackageReference "SnapKit" */,
			);
			productRefGroup = 8F74AD9D29B126C900B87965 /* Products */;
			projectDirPath = "";
			projectRoot = "";
			targets = (
				8F74AD9B29B126C900B87965 /* Instagram */,
			);
		};
/* End PBXProject section */

/* Begin PBXResourcesBuildPhase section */
		8F74AD9A29B126C900B87965 /* Resources */ = {
			isa = PBXResourcesBuildPhase;
			buildActionMask = 2147483647;
			files = (
				8F74ADAC29B126CF00B87965 /* LaunchScreen.storyboard in Resources */,
				8F74ADA929B126CF00B87965 /* Assets.xcassets in Resources */,
			);
			runOnlyForDeploymentPostprocessing = 0;
		};
/* End PBXResourcesBuildPhase section */

/* Begin PBXSourcesBuildPhase section */
		8F74AD9829B126C900B87965 /* Sources */ = {
			isa = PBXSourcesBuildPhase;
			buildActionMask = 2147483647;
			files = (
				8F74ADA029B126C900B87965 /* AppDelegate.swift in Sources */,
				8F74ADBD29B1331800B87965 /* LogoView.swift in Sources */,
				8F74ADB729B128AD00B87965 /* FeedViewController.swift in Sources */,
				8F74ADBF29B1404E00B87965 /* FeedItemType.swift in Sources */,
				8F74ADCA29B1621600B87965 /* FeedStoriesItemCell.swift in Sources */,
				8F74ADC629B15A5100B87965 /* FeedStoriesSetCell.swift in Sources */,
				8F74ADA229B126C900B87965 /* SceneDelegate.swift in Sources */,
				8F74ADC829B15AD700B87965 /* FeedPostCell.swift in Sources */,
				8F74ADC129B140AC00B87965 /* FeedStoriesItemCellInfo.swift in Sources */,
				8F74ADC329B142A200B87965 /* FeedPostItemInfo.swift in Sources */,
			);
			runOnlyForDeploymentPostprocessing = 0;
		};
/* End PBXSourcesBuildPhase section */

/* Begin PBXVariantGroup section */
		8F74ADAA29B126CF00B87965 /* LaunchScreen.storyboard */ = {
			isa = PBXVariantGroup;
			children = (
				8F74ADAB29B126CF00B87965 /* Base */,
			);
			name = LaunchScreen.storyboard;
			sourceTree = "<group>";
		};
/* End PBXVariantGroup section */

/* Begin XCBuildConfiguration section */
		8F74ADAE29B126CF00B87965 /* Debug */ = {
			isa = XCBuildConfiguration;
			buildSettings = {
				ALWAYS_SEARCH_USER_PATHS = NO;
				CLANG_ANALYZER_NONNULL = YES;
				CLANG_ANALYZER_NUMBER_OBJECT_CONVERSION = YES_AGGRESSIVE;
				CLANG_CXX_LANGUAGE_STANDARD = "gnu++17";
				CLANG_ENABLE_MODULES = YES;
				CLANG_ENABLE_OBJC_ARC = YES;
				CLANG_ENABLE_OBJC_WEAK = YES;
				CLANG_WARN_BLOCK_CAPTURE_AUTORELEASING = YES;
				CLANG_WARN_BOOL_CONVERSION = YES;
				CLANG_WARN_COMMA = YES;
				CLANG_WARN_CONSTANT_CONVERSION = YES;
				CLANG_WARN_DEPRECATED_OBJC_IMPLEMENTATIONS = YES;
				CLANG_WARN_DIRECT_OBJC_ISA_USAGE = YES_ERROR;
				CLANG_WARN_DOCUMENTATION_COMMENTS = YES;
				CLANG_WARN_EMPTY_BODY = YES;
				CLANG_WARN_ENUM_CONVERSION = YES;
				CLANG_WARN_INFINITE_RECURSION = YES;
				CLANG_WARN_INT_CONVERSION = YES;
				CLANG_WARN_NON_LITERAL_NULL_CONVERSION = YES;
				CLANG_WARN_OBJC_IMPLICIT_RETAIN_SELF = YES;
				CLANG_WARN_OBJC_LITERAL_CONVERSION = YES;
				CLANG_WARN_OBJC_ROOT_CLASS = YES_ERROR;
				CLANG_WARN_QUOTED_INCLUDE_IN_FRAMEWORK_HEADER = YES;
				CLANG_WARN_RANGE_LOOP_ANALYSIS = YES;
				CLANG_WARN_STRICT_PROTOTYPES = YES;
				CLANG_WARN_SUSPICIOUS_MOVE = YES;
				CLANG_WARN_UNGUARDED_AVAILABILITY = YES_AGGRESSIVE;
				CLANG_WARN_UNREACHABLE_CODE = YES;
				CLANG_WARN__DUPLICATE_METHOD_MATCH = YES;
				COPY_PHASE_STRIP = NO;
				DEBUG_INFORMATION_FORMAT = dwarf;
				ENABLE_STRICT_OBJC_MSGSEND = YES;
				ENABLE_TESTABILITY = YES;
				GCC_C_LANGUAGE_STANDARD = gnu11;
				GCC_DYNAMIC_NO_PIC = NO;
				GCC_NO_COMMON_BLOCKS = YES;
				GCC_OPTIMIZATION_LEVEL = 0;
				GCC_PREPROCESSOR_DEFINITIONS = (
					"DEBUG=1",
					"$(inherited)",
				);
				GCC_WARN_64_TO_32_BIT_CONVERSION = YES;
				GCC_WARN_ABOUT_RETURN_TYPE = YES_ERROR;
				GCC_WARN_UNDECLARED_SELECTOR = YES;
				GCC_WARN_UNINITIALIZED_AUTOS = YES_AGGRESSIVE;
				GCC_WARN_UNUSED_FUNCTION = YES;
				GCC_WARN_UNUSED_VARIABLE = YES;
				IPHONEOS_DEPLOYMENT_TARGET = 15.5;
				MTL_ENABLE_DEBUG_INFO = INCLUDE_SOURCE;
				MTL_FAST_MATH = YES;
				ONLY_ACTIVE_ARCH = YES;
				SDKROOT = iphoneos;
				SWIFT_ACTIVE_COMPILATION_CONDITIONS = DEBUG;
				SWIFT_OPTIMIZATION_LEVEL = "-Onone";
			};
			name = Debug;
		};
		8F74ADAF29B126CF00B87965 /* Release */ = {
			isa = XCBuildConfiguration;
			buildSettings = {
				ALWAYS_SEARCH_USER_PATHS = NO;
				CLANG_ANALYZER_NONNULL = YES;
				CLANG_ANALYZER_NUMBER_OBJECT_CONVERSION = YES_AGGRESSIVE;
				CLANG_CXX_LANGUAGE_STANDARD = "gnu++17";
				CLANG_ENABLE_MODULES = YES;
				CLANG_ENABLE_OBJC_ARC = YES;
				CLANG_ENABLE_OBJC_WEAK = YES;
				CLANG_WARN_BLOCK_CAPTURE_AUTORELEASING = YES;
				CLANG_WARN_BOOL_CONVERSION = YES;
				CLANG_WARN_COMMA = YES;
				CLANG_WARN_CONSTANT_CONVERSION = YES;
				CLANG_WARN_DEPRECATED_OBJC_IMPLEMENTATIONS = YES;
				CLANG_WARN_DIRECT_OBJC_ISA_USAGE = YES_ERROR;
				CLANG_WARN_DOCUMENTATION_COMMENTS = YES;
				CLANG_WARN_EMPTY_BODY = YES;
				CLANG_WARN_ENUM_CONVERSION = YES;
				CLANG_WARN_INFINITE_RECURSION = YES;
				CLANG_WARN_INT_CONVERSION = YES;
				CLANG_WARN_NON_LITERAL_NULL_CONVERSION = YES;
				CLANG_WARN_OBJC_IMPLICIT_RETAIN_SELF = YES;
				CLANG_WARN_OBJC_LITERAL_CONVERSION = YES;
				CLANG_WARN_OBJC_ROOT_CLASS = YES_ERROR;
				CLANG_WARN_QUOTED_INCLUDE_IN_FRAMEWORK_HEADER = YES;
				CLANG_WARN_RANGE_LOOP_ANALYSIS = YES;
				CLANG_WARN_STRICT_PROTOTYPES = YES;
				CLANG_WARN_SUSPICIOUS_MOVE = YES;
				CLANG_WARN_UNGUARDED_AVAILABILITY = YES_AGGRESSIVE;
				CLANG_WARN_UNREACHABLE_CODE = YES;
				CLANG_WARN__DUPLICATE_METHOD_MATCH = YES;
				COPY_PHASE_STRIP = NO;
				DEBUG_INFORMATION_FORMAT = "dwarf-with-dsym";
				ENABLE_NS_ASSERTIONS = NO;
				ENABLE_STRICT_OBJC_MSGSEND = YES;
				GCC_C_LANGUAGE_STANDARD = gnu11;
				GCC_NO_COMMON_BLOCKS = YES;
				GCC_WARN_64_TO_32_BIT_CONVERSION = YES;
				GCC_WARN_ABOUT_RETURN_TYPE = YES_ERROR;
				GCC_WARN_UNDECLARED_SELECTOR = YES;
				GCC_WARN_UNINITIALIZED_AUTOS = YES_AGGRESSIVE;
				GCC_WARN_UNUSED_FUNCTION = YES;
				GCC_WARN_UNUSED_VARIABLE = YES;
				IPHONEOS_DEPLOYMENT_TARGET = 15.5;
				MTL_ENABLE_DEBUG_INFO = NO;
				MTL_FAST_MATH = YES;
				SDKROOT = iphoneos;
				SWIFT_COMPILATION_MODE = wholemodule;
				SWIFT_OPTIMIZATION_LEVEL = "-O";
				VALIDATE_PRODUCT = YES;
			};
			name = Release;
		};
		8F74ADB129B126CF00B87965 /* Debug */ = {
			isa = XCBuildConfiguration;
			buildSettings = {
				ASSETCATALOG_COMPILER_APPICON_NAME = AppIcon;
				ASSETCATALOG_COMPILER_GLOBAL_ACCENT_COLOR_NAME = AccentColor;
				CODE_SIGN_STYLE = Automatic;
				CURRENT_PROJECT_VERSION = 1;
				GENERATE_INFOPLIST_FILE = YES;
				INFOPLIST_FILE = Instagram/Resources/Info.plist;
				INFOPLIST_KEY_UIApplicationSupportsIndirectInputEvents = YES;
				INFOPLIST_KEY_UILaunchStoryboardName = LaunchScreen;
				INFOPLIST_KEY_UIMainStoryboardFile = "";
				INFOPLIST_KEY_UISupportedInterfaceOrientations_iPad = "UIInterfaceOrientationPortrait UIInterfaceOrientationPortraitUpsideDown UIInterfaceOrientationLandscapeLeft UIInterfaceOrientationLandscapeRight";
				INFOPLIST_KEY_UISupportedInterfaceOrientations_iPhone = "UIInterfaceOrientationPortrait UIInterfaceOrientationLandscapeLeft UIInterfaceOrientationLandscapeRight";
				LD_RUNPATH_SEARCH_PATHS = (
					"$(inherited)",
					"@executable_path/Frameworks",
				);
				MARKETING_VERSION = 1.0;
				PRODUCT_BUNDLE_IDENTIFIER = None.Instagram;
				PRODUCT_NAME = "$(TARGET_NAME)";
				SWIFT_EMIT_LOC_STRINGS = YES;
				SWIFT_VERSION = 5.0;
				TARGETED_DEVICE_FAMILY = "1,2";
			};
			name = Debug;
		};
		8F74ADB229B126CF00B87965 /* Release */ = {
			isa = XCBuildConfiguration;
			buildSettings = {
				ASSETCATALOG_COMPILER_APPICON_NAME = AppIcon;
				ASSETCATALOG_COMPILER_GLOBAL_ACCENT_COLOR_NAME = AccentColor;
				CODE_SIGN_STYLE = Automatic;
				CURRENT_PROJECT_VERSION = 1;
				GENERATE_INFOPLIST_FILE = YES;
				INFOPLIST_FILE = Instagram/Resources/Info.plist;
				INFOPLIST_KEY_UIApplicationSupportsIndirectInputEvents = YES;
				INFOPLIST_KEY_UILaunchStoryboardName = LaunchScreen;
				INFOPLIST_KEY_UIMainStoryboardFile = "";
				INFOPLIST_KEY_UISupportedInterfaceOrientations_iPad = "UIInterfaceOrientationPortrait UIInterfaceOrientationPortraitUpsideDown UIInterfaceOrientationLandscapeLeft UIInterfaceOrientationLandscapeRight";
				INFOPLIST_KEY_UISupportedInterfaceOrientations_iPhone = "UIInterfaceOrientationPortrait UIInterfaceOrientationLandscapeLeft UIInterfaceOrientationLandscapeRight";
				LD_RUNPATH_SEARCH_PATHS = (
					"$(inherited)",
					"@executable_path/Frameworks",
				);
				MARKETING_VERSION = 1.0;
				PRODUCT_BUNDLE_IDENTIFIER = None.Instagram;
				PRODUCT_NAME = "$(TARGET_NAME)";
				SWIFT_EMIT_LOC_STRINGS = YES;
				SWIFT_VERSION = 5.0;
				TARGETED_DEVICE_FAMILY = "1,2";
			};
			name = Release;
		};
/* End XCBuildConfiguration section */

/* Begin XCConfigurationList section */
		8F74AD9729B126C900B87965 /* Build configuration list for PBXProject "Instagram" */ = {
			isa = XCConfigurationList;
			buildConfigurations = (
				8F74ADAE29B126CF00B87965 /* Debug */,
				8F74ADAF29B126CF00B87965 /* Release */,
			);
			defaultConfigurationIsVisible = 0;
			defaultConfigurationName = Release;
		};
		8F74ADB029B126CF00B87965 /* Build configuration list for PBXNativeTarget "Instagram" */ = {
			isa = XCConfigurationList;
			buildConfigurations = (
				8F74ADB129B126CF00B87965 /* Debug */,
				8F74ADB229B126CF00B87965 /* Release */,
			);
			defaultConfigurationIsVisible = 0;
			defaultConfigurationName = Release;
		};
/* End XCConfigurationList section */

/* Begin XCRemoteSwiftPackageReference section */
		8F74ADB829B1293D00B87965 /* XCRemoteSwiftPackageReference "SnapKit" */ = {
			isa = XCRemoteSwiftPackageReference;
			repositoryURL = "https://github.com/SnapKit/SnapKit.git";
			requirement = {
				kind = upToNextMajorVersion;
				minimumVersion = 5.0.0;
			};
		};
/* End XCRemoteSwiftPackageReference section */

/* Begin XCSwiftPackageProductDependency section */
		8F74ADB929B1293D00B87965 /* SnapKit */ = {
			isa = XCSwiftPackageProductDependency;
			package = 8F74ADB829B1293D00B87965 /* XCRemoteSwiftPackageReference "SnapKit" */;
			productName = SnapKit;
		};
/* End XCSwiftPackageProductDependency section */
	};
	rootObject = 8F74AD9429B126C900B87965 /* Project object */;
}
